
Microsoft Visual Studio Solution File, Format Version 12.00
# Visual Studio 14
VisualStudioVersion = 14.0.25420.1
MinimumVisualStudioVersion = 10.0.40219.1
Project("{FAE04EC0-301F-11D3-BF4B-00C04F79EFBC}") = "RepetitionInheritance", "RepetitionInheritance\RepetitionInheritance.csproj", "{6C2176C1-0923-4476-B3F5-1E075D9E8C86}"
EndProject
Project("{FAE04EC0-301F-11D3-BF4B-00C04F79EFBC}") = "RepetitionInheritanceTests2", "RepetitionInheritanceTests2\RepetitionInheritanceTests2.csproj", "{C9061428-D0CB-41ED-8A60-FC2B66C7ABF3}"
EndProject
Global
	GlobalSection(SolutionConfigurationPlatforms) = preSolution
		Debug|Any CPU = Debug|Any CPU
		Release|Any CPU = Release|Any CPU
	EndGlobalSection
	GlobalSection(ProjectConfigurationPlatforms) = postSolution
		{6C2176C1-0923-4476-B3F5-1E075D9E8C86}.Debug|Any CPU.ActiveCfg = Debug|Any CPU
		{6C2176C1-0923-4476-B3F5-1E075D9E8C86}.Debug|Any CPU.Build.0 = Debug|Any CPU
		{6C2176C1-0923-4476-B3F5-1E075D9E8C86}.Release|Any CPU.ActiveCfg = Release|Any CPU
		{6C2176C1-0923-4476-B3F5-1E075D9E8C86}.Release|Any CPU.Build.0 = Release|Any CPU
		{C9061428-D0CB-41ED-8A60-FC2B66C7ABF3}.Debug|Any CPU.ActiveCfg = Debug|Any CPU
		{C9061428-D0CB-41ED-8A60-FC2B66C7ABF3}.Debug|Any CPU.Build.0 = Debug|Any CPU
		{C9061428-D0CB-41ED-8A60-FC2B66C7ABF3}.Release|Any CPU.ActiveCfg = Release|Any CPU
		{C9061428-D0CB-41ED-8A60-FC2B66C7ABF3}.Release|Any CPU.Build.0 = Release|Any CPU
	EndGlobalSection
	GlobalSection(SolutionProperties) = preSolution
		HideSolutionNode = FALSE
	EndGlobalSection
EndGlobal
